
Microsoft Visual Studio Solution File, Format Version 12.00
# Visual Studio 15
Project("{FAE04EC0-301F-11D3-BF4B-00C04F79EFBC}") = "GroceryList.Android", "GroceryList.Android\GroceryList.Android.csproj", "{5BF5627E-B2C4-4AD3-8490-DF36F4CD1664}"
EndProject
Project("{FAE04EC0-301F-11D3-BF4B-00C04F79EFBC}") = "GroceryList.iOS", "GroceryList.iOS\GroceryList.iOS.csproj", "{8558A3F1-1AE6-4822-A2F9-7551E9DEAF3A}"
EndProject
Project("{FAE04EC0-301F-11D3-BF4B-00C04F79EFBC}") = "GroceryList", "GroceryList\GroceryList.csproj", "{60936714-19AE-4BC8-BD1E-9ED2C4D3C75D}"
EndProject
Global
	GlobalSection(SolutionConfigurationPlatforms) = preSolution
		Debug|Any CPU = Debug|Any CPU
		Release|Any CPU = Release|Any CPU
		Debug|iPhoneSimulator = Debug|iPhoneSimulator
		Release|iPhoneSimulator = Release|iPhoneSimulator
		Debug|iPhone = Debug|iPhone
		Release|iPhone = Release|iPhone
	EndGlobalSection
	GlobalSection(ProjectConfigurationPlatforms) = postSolution
		{5BF5627E-B2C4-4AD3-8490-DF36F4CD1664}.Debug|Any CPU.ActiveCfg = Debug|Any CPU
		{5BF5627E-B2C4-4AD3-8490-DF36F4CD1664}.Debug|Any CPU.Build.0 = Debug|Any CPU
		{5BF5627E-B2C4-4AD3-8490-DF36F4CD1664}.Release|Any CPU.ActiveCfg = Release|Any CPU
		{5BF5627E-B2C4-4AD3-8490-DF36F4CD1664}.Release|Any CPU.Build.0 = Release|Any CPU
		{5BF5627E-B2C4-4AD3-8490-DF36F4CD1664}.Debug|iPhoneSimulator.ActiveCfg = Debug|Any CPU
		{5BF5627E-B2C4-4AD3-8490-DF36F4CD1664}.Debug|iPhoneSimulator.Build.0 = Debug|Any CPU
		{5BF5627E-B2C4-4AD3-8490-DF36F4CD1664}.Release|iPhoneSimulator.ActiveCfg = Release|Any CPU
		{5BF5627E-B2C4-4AD3-8490-DF36F4CD1664}.Release|iPhoneSimulator.Build.0 = Release|Any CPU
		{5BF5627E-B2C4-4AD3-8490-DF36F4CD1664}.Debug|iPhone.ActiveCfg = Debug|Any CPU
		{5BF5627E-B2C4-4AD3-8490-DF36F4CD1664}.Debug|iPhone.Build.0 = Debug|Any CPU
		{5BF5627E-B2C4-4AD3-8490-DF36F4CD1664}.Release|iPhone.ActiveCfg = Release|Any CPU
		{5BF5627E-B2C4-4AD3-8490-DF36F4CD1664}.Release|iPhone.Build.0 = Release|Any CPU
		{8558A3F1-1AE6-4822-A2F9-7551E9DEAF3A}.Debug|Any CPU.ActiveCfg = Debug|iPhoneSimulator
		{8558A3F1-1AE6-4822-A2F9-7551E9DEAF3A}.Debug|Any CPU.Build.0 = Debug|iPhoneSimulator
		{8558A3F1-1AE6-4822-A2F9-7551E9DEAF3A}.Release|Any CPU.ActiveCfg = Release|iPhoneSimulator
		{8558A3F1-1AE6-4822-A2F9-7551E9DEAF3A}.Release|Any CPU.Build.0 = Release|iPhoneSimulator
		{8558A3F1-1AE6-4822-A2F9-7551E9DEAF3A}.Debug|iPhoneSimulator.ActiveCfg = Debug|iPhoneSimulator
		{8558A3F1-1AE6-4822-A2F9-7551E9DEAF3A}.Debug|iPhoneSimulator.Build.0 = Debug|iPhoneSimulator
		{8558A3F1-1AE6-4822-A2F9-7551E9DEAF3A}.Release|iPhoneSimulator.ActiveCfg = Release|iPhoneSimulator
		{8558A3F1-1AE6-4822-A2F9-7551E9DEAF3A}.Release|iPhoneSimulator.Build.0 = Release|iPhoneSimulator
		{8558A3F1-1AE6-4822-A2F9-7551E9DEAF3A}.Debug|iPhone.ActiveCfg = Debug|iPhone
		{8558A3F1-1AE6-4822-A2F9-7551E9DEAF3A}.Debug|iPhone.Build.0 = Debug|iPhone
		{8558A3F1-1AE6-4822-A2F9-7551E9DEAF3A}.Release|iPhone.ActiveCfg = Release|iPhone
		{8558A3F1-1AE6-4822-A2F9-7551E9DEAF3A}.Release|iPhone.Build.0 = Release|iPhone
		{60936714-19AE-4BC8-BD1E-9ED2C4D3C75D}.Debug|Any CPU.ActiveCfg = Debug|Any CPU
		{60936714-19AE-4BC8-BD1E-9ED2C4D3C75D}.Debug|Any CPU.Build.0 = Debug|Any CPU
		{60936714-19AE-4BC8-BD1E-9ED2C4D3C75D}.Release|Any CPU.ActiveCfg = Release|Any CPU
		{60936714-19AE-4BC8-BD1E-9ED2C4D3C75D}.Release|Any CPU.Build.0 = Release|Any CPU
		{60936714-19AE-4BC8-BD1E-9ED2C4D3C75D}.Debug|iPhoneSimulator.ActiveCfg = Debug|Any CPU
		{60936714-19AE-4BC8-BD1E-9ED2C4D3C75D}.Debug|iPhoneSimulator.Build.0 = Debug|Any CPU
		{60936714-19AE-4BC8-BD1E-9ED2C4D3C75D}.Release|iPhoneSimulator.ActiveCfg = Release|Any CPU
		{60936714-19AE-4BC8-BD1E-9ED2C4D3C75D}.Release|iPhoneSimulator.Build.0 = Release|Any CPU
		{60936714-19AE-4BC8-BD1E-9ED2C4D3C75D}.Debug|iPhone.ActiveCfg = Debug|Any CPU
		{60936714-19AE-4BC8-BD1E-9ED2C4D3C75D}.Debug|iPhone.Build.0 = Debug|Any CPU
		{60936714-19AE-4BC8-BD1E-9ED2C4D3C75D}.Release|iPhone.ActiveCfg = Release|Any CPU
		{60936714-19AE-4BC8-BD1E-9ED2C4D3C75D}.Release|iPhone.Build.0 = Release|Any CPU
	EndGlobalSection
EndGlobal
